// !$*UTF8*$!
{
	archiveVersion = 1;
	classes = {
	};
	objectVersion = 77;
	objects = {

/* Begin PBXBuildFile section */
		0C28DB852E030C83000EF278 /* FitnessDoodleApp.swift in Sources */ = {isa = PBXBuildFile; fileRef = 0C28DB842E030C83000EF278 /* FitnessDoodleApp.swift */; };
		0C28DBBF2E038663000EF278 /* MessyHandwritten-Regular.ttf in Resources */ = {isa = PBXBuildFile; fileRef = 0C28DBBD2E038663000EF278 /* MessyHandwritten-Regular.ttf */; };
		0C28DBC02E038663000EF278 /* Messy Handwritten 3.png in Resources */ = {isa = PBXBuildFile; fileRef = 0C28DBBB2E038663000EF278 /* Messy Handwritten 3.png */; };
		0C28DBC12E038663000EF278 /* Display Messy Handwritten.png in Resources */ = {isa = PBXBuildFile; fileRef = 0C28DBB92E038663000EF278 /* Display Messy Handwritten.png */; };
		0C28DBC22E038663000EF278 /* Messy Handwritten 4.png in Resources */ = {isa = PBXBuildFile; fileRef = 0C28DBBC2E038663000EF278 /* Messy Handwritten 4.png */; };
		0C28DBC32E038663000EF278 /* Messy Handwritten 2.png in Resources */ = {isa = PBXBuildFile; fileRef = 0C28DBBA2E038663000EF278 /* Messy Handwritten 2.png */; };
		0C28DC422E06199D000EF278 /* MessyHandwritten-Bold.ttf in Resources */ = {isa = PBXBuildFile; fileRef = 0C28DC412E06199D000EF278 /* MessyHandwritten-Bold.ttf */; };
/* End PBXBuildFile section */

/* Begin PBXContainerItemProxy section */
		0C28DB4F2E030A4B000EF278 /* PBXContainerItemProxy */ = {
			isa = PBXContainerItemProxy;
			containerPortal = 0C28DB382E030A49000EF278 /* Project object */;
			proxyType = 1;
			remoteGlobalIDString = 0C28DB3F2E030A49000EF278;
			remoteInfo = Doodle;
		};
		0C28DB592E030A4B000EF278 /* PBXContainerItemProxy */ = {
			isa = PBXContainerItemProxy;
			containerPortal = 0C28DB382E030A49000EF278 /* Project object */;
			proxyType = 1;
			remoteGlobalIDString = 0C28DB3F2E030A49000EF278;
			remoteInfo = Doodle;
		};
/* End PBXContainerItemProxy section */

/* Begin PBXFileReference section */
		0C28DB402E030A49000EF278 /* Doodle.app */ = {isa = PBXFileReference; explicitFileType = wrapper.application; includeInIndex = 0; path = Doodle.app; sourceTree = BUILT_PRODUCTS_DIR; };
		0C28DB4E2E030A4B000EF278 /* DoodleTests.xctest */ = {isa = PBXFileReference; explicitFileType = wrapper.cfbundle; includeInIndex = 0; path = DoodleTests.xctest; sourceTree = BUILT_PRODUCTS_DIR; };
		0C28DB582E030A4B000EF278 /* DoodleUITests.xctest */ = {isa = PBXFileReference; explicitFileType = wrapper.cfbundle; includeInIndex = 0; path = DoodleUITests.xctest; sourceTree = BUILT_PRODUCTS_DIR; };
		0C28DB842E030C83000EF278 /* FitnessDoodleApp.swift */ = {isa = PBXFileReference; lastKnownFileType = sourcecode.swift; path = FitnessDoodleApp.swift; sourceTree = "<group>"; };
		0C28DBB92E038663000EF278 /* Display Messy Handwritten.png */ = {isa = PBXFileReference; lastKnownFileType = image.png; path = "Display Messy Handwritten.png"; sourceTree = "<group>"; };
		0C28DBBA2E038663000EF278 /* Messy Handwritten 2.png */ = {isa = PBXFileReference; lastKnownFileType = image.png; path = "Messy Handwritten 2.png"; sourceTree = "<group>"; };
		0C28DBBB2E038663000EF278 /* Messy Handwritten 3.png */ = {isa = PBXFileReference; lastKnownFileType = image.png; path = "Messy Handwritten 3.png"; sourceTree = "<group>"; };
		0C28DBBC2E038663000EF278 /* Messy Handwritten 4.png */ = {isa = PBXFileReference; lastKnownFileType = image.png; path = "Messy Handwritten 4.png"; sourceTree = "<group>"; };
		0C28DBBD2E038663000EF278 /* MessyHandwritten-Regular.ttf */ = {isa = PBXFileReference; lastKnownFileType = file; path = "MessyHandwritten-Regular.ttf"; sourceTree = "<group>"; };
		0C28DC412E06199D000EF278 /* MessyHandwritten-Bold.ttf */ = {isa = PBXFileReference; lastKnownFileType = file; path = "MessyHandwritten-Bold.ttf"; sourceTree = "<group>"; };
/* End PBXFileReference section */

/* Begin PBXFileSystemSynchronizedBuildFileExceptionSet section */
		0C28DB9D2E031508000EF278 /* Exceptions for "Services" folder in "Doodle" target */ = {
			isa = PBXFileSystemSynchronizedBuildFileExceptionSet;
			membershipExceptions = (
				ContextualIllustrationService.swift,
				DoodleStore.swift,
				LocationManager.swift,
				PathRenderer.swift,
				PhotoStore.swift,
				SceneryService.swift,
				SessionJournal.swift,
			);
			target = 0C28DB3F2E030A49000EF278 /* Doodle */;
		};
		0C28DB9E2E031508000EF278 /* Exceptions for "Views" folder in "Doodle" target */ = {
			isa = PBXFileSystemSynchronizedBuildFileExceptionSet;
			membershipExceptions = (
				BlankDoodleView.swift,
				CompleteDoodleView.swift,
				ContentView.swift,
				ContextualIllustrationView.swift,
				DoodleDetailView.swift,
				HomeView.swift,
				LoginView.swift,
				PhotoCapture.swift,
				PhotoOverlayEditor.swift,
				SceneryView.swift,
				StartDoodlingView.swift,
				TrackingView.swift,
			);
			target = 0C28DB3F2E030A49000EF278 /* Doodle */;
		};
		0C28DBB62E0381C5000EF278 /* Exceptions for "Doodle" folder in "Doodle" target */ = {
			isa = PBXFileSystemSynchronizedBuildFileExceptionSet;
			membershipExceptions = (
				Info.plist,
			);
			target = 0C28DB3F2E030A49000EF278 /* Doodle */;
		};
/* End PBXFileSystemSynchronizedBuildFileExceptionSet section */

/* Begin PBXFileSystemSynchronizedRootGroup section */
		0C28DB422E030A49000EF278 /* Doodle */ = {
			isa = PBXFileSystemSynchronizedRootGroup;
			exceptions = (
				0C28DBB62E0381C5000EF278 /* Exceptions for "Doodle" folder in "Doodle" target */,
			);
			path = Doodle;
			sourceTree = "<group>";
		};
		0C28DB512E030A4B000EF278 /* DoodleTests */ = {
			isa = PBXFileSystemSynchronizedRootGroup;
			path = DoodleTests;
			sourceTree = "<group>";
		};
		0C28DB5B2E030A4B000EF278 /* DoodleUITests */ = {
			isa = PBXFileSystemSynchronizedRootGroup;
			path = DoodleUITests;
			sourceTree = "<group>";
		};
		0C28DB872E031508000EF278 /* Model */ = {
			isa = PBXFileSystemSynchronizedRootGroup;
			path = Model;
			sourceTree = "<group>";
		};
		0C28DB8B2E031508000EF278 /* Services */ = {
			isa = PBXFileSystemSynchronizedRootGroup;
			exceptions = (
				0C28DB9D2E031508000EF278 /* Exceptions for "Services" folder in "Doodle" target */,
			);
			path = Services;
			sourceTree = "<group>";
		};
		0C28DB922E031508000EF278 /* Views */ = {
			isa = PBXFileSystemSynchronizedRootGroup;
			exceptions = (
				0C28DB9E2E031508000EF278 /* Exceptions for "Views" folder in "Doodle" target */,
			);
			path = Views;
			sourceTree = "<group>";
		};
/* End PBXFileSystemSynchronizedRootGroup section */

/* Begin PBXFrameworksBuildPhase section */
		0C28DB3D2E030A49000EF278 /* Frameworks */ = {
			isa = PBXFrameworksBuildPhase;
			buildActionMask = 2147483647;
			files = (
			);
			runOnlyForDeploymentPostprocessing = 0;
		};
		0C28DB4B2E030A4B000EF278 /* Frameworks */ = {
			isa = PBXFrameworksBuildPhase;
			buildActionMask = 2147483647;
			files = (
			);
			runOnlyForDeploymentPostprocessing = 0;
		};
		0C28DB552E030A4B000EF278 /* Frameworks */ = {
			isa = PBXFrameworksBuildPhase;
			buildActionMask = 2147483647;
			files = (
			);
			runOnlyForDeploymentPostprocessing = 0;
		};
/* End PBXFrameworksBuildPhase section */

/* Begin PBXGroup section */
		0C28DB372E030A49000EF278 = {
			isa = PBXGroup;
			children = (
				0C28DBBE2E038663000EF278 /* Fonts */,
				0C28DB842E030C83000EF278 /* FitnessDoodleApp.swift */,
				0C28DB872E031508000EF278 /* Model */,
				0C28DB8B2E031508000EF278 /* Services */,
				0C28DB922E031508000EF278 /* Views */,
				0C28DB422E030A49000EF278 /* Doodle */,
				0C28DB512E030A4B000EF278 /* DoodleTests */,
				0C28DB5B2E030A4B000EF278 /* DoodleUITests */,
				0C28DB412E030A49000EF278 /* Products */,
			);
			sourceTree = "<group>";
		};
		0C28DB412E030A49000EF278 /* Products */ = {
			isa = PBXGroup;
			children = (
				0C28DB402E030A49000EF278 /* Doodle.app */,
				0C28DB4E2E030A4B000EF278 /* DoodleTests.xctest */,
				0C28DB582E030A4B000EF278 /* DoodleUITests.xctest */,
			);
			name = Products;
			sourceTree = "<group>";
		};
		0C28DBBE2E038663000EF278 /* Fonts */ = {
			isa = PBXGroup;
			children = (
				0C28DC412E06199D000EF278 /* MessyHandwritten-Bold.ttf */,
				0C28DBB92E038663000EF278 /* Display Messy Handwritten.png */,
				0C28DBBA2E038663000EF278 /* Messy Handwritten 2.png */,
				0C28DBBB2E038663000EF278 /* Messy Handwritten 3.png */,
				0C28DBBC2E038663000EF278 /* Messy Handwritten 4.png */,
				0C28DBBD2E038663000EF278 /* MessyHandwritten-Regular.ttf */,
			);
			path = Fonts;
			sourceTree = "<group>";
		};
/* End PBXGroup section */

/* Begin PBXNativeTarget section */
		0C28DB3F2E030A49000EF278 /* Doodle */ = {
			isa = PBXNativeTarget;
			buildConfigurationList = 0C28DB622E030A4B000EF278 /* Build configuration list for PBXNativeTarget "Doodle" */;
			buildPhases = (
				0C28DB3C2E030A49000EF278 /* Sources */,
				0C28DB3D2E030A49000EF278 /* Frameworks */,
				0C28DB3E2E030A49000EF278 /* Resources */,
			);
			buildRules = (
			);
			dependencies = (
			);
			fileSystemSynchronizedGroups = (
				0C28DB422E030A49000EF278 /* Doodle */,
				0C28DB872E031508000EF278 /* Model */,
			);
			name = Doodle;
			packageProductDependencies = (
			);
			productName = Doodle;
			productReference = 0C28DB402E030A49000EF278 /* Doodle.app */;
			productType = "com.apple.product-type.application";
		};
		0C28DB4D2E030A4B000EF278 /* DoodleTests */ = {
			isa = PBXNativeTarget;
			buildConfigurationList = 0C28DB652E030A4B000EF278 /* Build configuration list for PBXNativeTarget "DoodleTests" */;
			buildPhases = (
				0C28DB4A2E030A4B000EF278 /* Sources */,
				0C28DB4B2E030A4B000EF278 /* Frameworks */,
				0C28DB4C2E030A4B000EF278 /* Resources */,
			);
			buildRules = (
			);
			dependencies = (
				0C28DB502E030A4B000EF278 /* PBXTargetDependency */,
			);
			fileSystemSynchronizedGroups = (
				0C28DB512E030A4B000EF278 /* DoodleTests */,
			);
			name = DoodleTests;
			packageProductDependencies = (
			);
			productName = DoodleTests;
			productReference = 0C28DB4E2E030A4B000EF278 /* DoodleTests.xctest */;
			productType = "com.apple.product-type.bundle.unit-test";
		};
		0C28DB572E030A4B000EF278 /* DoodleUITests */ = {
			isa = PBXNativeTarget;
			buildConfigurationList = 0C28DB682E030A4B000EF278 /* Build configuration list for PBXNativeTarget "DoodleUITests" */;
			buildPhases = (
				0C28DB542E030A4B000EF278 /* Sources */,
				0C28DB552E030A4B000EF278 /* Frameworks */,
				0C28DB562E030A4B000EF278 /* Resources */,
			);
			buildRules = (
			);
			dependencies = (
				0C28DB5A2E030A4B000EF278 /* PBXTargetDependency */,
			);
			fileSystemSynchronizedGroups = (
				0C28DB5B2E030A4B000EF278 /* DoodleUITests */,
			);
			name = DoodleUITests;
			packageProductDependencies = (
			);
			productName = DoodleUITests;
			productReference = 0C28DB582E030A4B000EF278 /* DoodleUITests.xctest */;
			productType = "com.apple.product-type.bundle.ui-testing";
		};
/* End PBXNativeTarget section */

/* Begin PBXProject section */
		0C28DB382E030A49000EF278 /* Project object */ = {
			isa = PBXProject;
			attributes = {
				BuildIndependentTargetsInParallel = 1;
				LastSwiftUpdateCheck = 1640;
				LastUpgradeCheck = 1640;
				TargetAttributes = {
					0C28DB3F2E030A49000EF278 = {
						CreatedOnToolsVersion = 16.4;
					};
					0C28DB4D2E030A4B000EF278 = {
						CreatedOnToolsVersion = 16.4;
						TestTargetID = 0C28DB3F2E030A49000EF278;
					};
					0C28DB572E030A4B000EF278 = {
						CreatedOnToolsVersion = 16.4;
						TestTargetID = 0C28DB3F2E030A49000EF278;
					};
				};
			};
			buildConfigurationList = 0C28DB3B2E030A49000EF278 /* Build configuration list for PBXProject "Doodle" */;
			developmentRegion = en;
			hasScannedForEncodings = 0;
			knownRegions = (
				en,
				Base,
			);
			mainGroup = 0C28DB372E030A49000EF278;
			minimizedProjectReferenceProxies = 1;
			preferredProjectObjectVersion = 77;
			productRefGroup = 0C28DB412E030A49000EF278 /* Products */;
			projectDirPath = "";
			projectRoot = "";
			targets = (
				0C28DB3F2E030A49000EF278 /* Doodle */,
				0C28DB4D2E030A4B000EF278 /* DoodleTests */,
				0C28DB572E030A4B000EF278 /* DoodleUITests */,
			);
		};
/* End PBXProject section */

/* Begin PBXResourcesBuildPhase section */
		0C28DB3E2E030A49000EF278 /* Resources */ = {
			isa = PBXResourcesBuildPhase;
			buildActionMask = 2147483647;
			files = (
				0C28DC422E06199D000EF278 /* MessyHandwritten-Bold.ttf in Resources */,
				0C28DBBF2E038663000EF278 /* MessyHandwritten-Regular.ttf in Resources */,
				0C28DBC02E038663000EF278 /* Messy Handwritten 3.png in Resources */,
				0C28DBC12E038663000EF278 /* Display Messy Handwritten.png in Resources */,
				0C28DBC22E038663000EF278 /* Messy Handwritten 4.png in Resources */,
				0C28DBC32E038663000EF278 /* Messy Handwritten 2.png in Resources */,
			);
			runOnlyForDeploymentPostprocessing = 0;
		};
		0C28DB4C2E030A4B000EF278 /* Resources */ = {
			isa = PBXResourcesBuildPhase;
			buildActionMask = 2147483647;
			files = (
			);
			runOnlyForDeploymentPostprocessing = 0;
		};
		0C28DB562E030A4B000EF278 /* Resources */ = {
			isa = PBXResourcesBuildPhase;
			buildActionMask = 2147483647;
			files = (
			);
			runOnlyForDeploymentPostprocessing = 0;
		};
/* End PBXResourcesBuildPhase section */

/* Begin PBXSourcesBuildPhase section */
		0C28DB3C2E030A49000EF278 /* Sources */ = {
			isa = PBXSourcesBuildPhase;
			buildActionMask = 2147483647;
			files = (
				0C28DB852E030C83000EF278 /* FitnessDoodleApp.swift in Sources */,
			);
			runOnlyForDeploymentPostprocessing = 0;
		};
		0C28DB4A2E030A4B000EF278 /* Sources */ = {
			isa = PBXSourcesBuildPhase;
			buildActionMask = 2147483647;
			files = (
			);
			runOnlyForDeploymentPostprocessing = 0;
		};
		0C28DB542E030A4B000EF278 /* Sources */ = {
			isa = PBXSourcesBuildPhase;
			buildActionMask = 2147483647;
			files = (
			);
			runOnlyForDeploymentPostprocessing = 0;
		};
/* End PBXSourcesBuildPhase section */

/* Begin PBXTargetDependency section */
		0C28DB502E030A4B000EF278 /* PBXTargetDependency */ = {
			isa = PBXTargetDependency;
			target = 0C28DB3F2E030A49000EF278 /* Doodle */;
			targetProxy = 0C28DB4F2E030A4B000EF278 /* PBXContainerItemProxy */;
		};
		0C28DB5A2E030A4B000EF278 /* PBXTargetDependency */ = {
			isa = PBXTargetDependency;
			target = 0C28DB3F2E030A49000EF278 /* Doodle */;
			targetProxy = 0C28DB592E030A4B000EF278 /* PBXContainerItemProxy */;
		};
/* End PBXTargetDependency section */

/* Begin XCBuildConfiguration section */
		0C28DB602E030A4B000EF278 /* Debug */ = {
			isa = XCBuildConfiguration;
			buildSettings = {
				ALWAYS_SEARCH_USER_PATHS = NO;
				ASSETCATALOG_COMPILER_GENERATE_SWIFT_ASSET_SYMBOL_EXTENSIONS = YES;
				CLANG_ANALYZER_NONNULL = YES;
				CLANG_ANALYZER_NUMBER_OBJECT_CONVERSION = YES_AGGRESSIVE;
				CLANG_CXX_LANGUAGE_STANDARD = "gnu++20";
				CLANG_ENABLE_MODULES = YES;
				CLANG_ENABLE_OBJC_ARC = YES;
				CLANG_ENABLE_OBJC_WEAK = YES;
				CLANG_WARN_BLOCK_CAPTURE_AUTORELEASING = YES;
				CLANG_WARN_BOOL_CONVERSION = YES;
				CLANG_WARN_COMMA = YES;
				CLANG_WARN_CONSTANT_CONVERSION = YES;
				CLANG_WARN_DEPRECATED_OBJC_IMPLEMENTATIONS = YES;
				CLANG_WARN_DIRECT_OBJC_ISA_USAGE = YES_ERROR;
				CLANG_WARN_DOCUMENTATION_COMMENTS = YES;
				CLANG_WARN_EMPTY_BODY = YES;
				CLANG_WARN_ENUM_CONVERSION = YES;
				CLANG_WARN_INFINITE_RECURSION = YES;
				CLANG_WARN_INT_CONVERSION = YES;
				CLANG_WARN_NON_LITERAL_NULL_CONVERSION = YES;
				CLANG_WARN_OBJC_IMPLICIT_RETAIN_SELF = YES;
				CLANG_WARN_OBJC_LITERAL_CONVERSION = YES;
				CLANG_WARN_OBJC_ROOT_CLASS = YES_ERROR;
				CLANG_WARN_QUOTED_INCLUDE_IN_FRAMEWORK_HEADER = YES;
				CLANG_WARN_RANGE_LOOP_ANALYSIS = YES;
				CLANG_WARN_STRICT_PROTOTYPES = YES;
				CLANG_WARN_SUSPICIOUS_MOVE = YES;
				CLANG_WARN_UNGUARDED_AVAILABILITY = YES_AGGRESSIVE;
				CLANG_WARN_UNREACHABLE_CODE = YES;
				CLANG_WARN__DUPLICATE_METHOD_MATCH = YES;
				COPY_PHASE_STRIP = NO;
				DEBUG_INFORMATION_FORMAT = dwarf;
				ENABLE_STRICT_OBJC_MSGSEND = YES;
				ENABLE_TESTABILITY = YES;
				ENABLE_USER_SCRIPT_SANDBOXING = YES;
				GCC_C_LANGUAGE_STANDARD = gnu17;
				GCC_DYNAMIC_NO_PIC = NO;
				GCC_NO_COMMON_BLOCKS = YES;
				GCC_OPTIMIZATION_LEVEL = 0;
				GCC_PREPROCESSOR_DEFINITIONS = (
					"DEBUG=1",
					"$(inherited)",
				);
				GCC_WARN_64_TO_32_BIT_CONVERSION = YES;
				GCC_WARN_ABOUT_RETURN_TYPE = YES_ERROR;
				GCC_WARN_UNDECLARED_SELECTOR = YES;
				GCC_WARN_UNINITIALIZED_AUTOS = YES_AGGRESSIVE;
				GCC_WARN_UNUSED_FUNCTION = YES;
				GCC_WARN_UNUSED_VARIABLE = YES;
				LOCALIZATION_PREFERS_STRING_CATALOGS = YES;
				MTL_ENABLE_DEBUG_INFO = INCLUDE_SOURCE;
				MTL_FAST_MATH = YES;
				ONLY_ACTIVE_ARCH = YES;
				SWIFT_ACTIVE_COMPILATION_CONDITIONS = "DEBUG $(inherited)";
				SWIFT_OPTIMIZATION_LEVEL = "-Onone";
			};
			name = Debug;
		};
		0C28DB612E030A4B000EF278 /* Release */ = {
			isa = XCBuildConfiguration;
			buildSettings = {
				ALWAYS_SEARCH_USER_PATHS = NO;
				ASSETCATALOG_COMPILER_GENERATE_SWIFT_ASSET_SYMBOL_EXTENSIONS = YES;
				CLANG_ANALYZER_NONNULL = YES;
				CLANG_ANALYZER_NUMBER_OBJECT_CONVERSION = YES_AGGRESSIVE;
				CLANG_CXX_LANGUAGE_STANDARD = "gnu++20";
				CLANG_ENABLE_MODULES = YES;
				CLANG_ENABLE_OBJC_ARC = YES;
				CLANG_ENABLE_OBJC_WEAK = YES;
				CLANG_WARN_BLOCK_CAPTURE_AUTORELEASING = YES;
				CLANG_WARN_BOOL_CONVERSION = YES;
				CLANG_WARN_COMMA = YES;
				CLANG_WARN_CONSTANT_CONVERSION = YES;
				CLANG_WARN_DEPRECATED_OBJC_IMPLEMENTATIONS = YES;
				CLANG_WARN_DIRECT_OBJC_ISA_USAGE = YES_ERROR;
				CLANG_WARN_DOCUMENTATION_COMMENTS = YES;
				CLANG_WARN_EMPTY_BODY = YES;
				CLANG_WARN_ENUM_CONVERSION = YES;
				CLANG_WARN_INFINITE_RECURSION = YES;
				CLANG_WARN_INT_CONVERSION = YES;
				CLANG_WARN_NON_LITERAL_NULL_CONVERSION = YES;
				CLANG_WARN_OBJC_IMPLICIT_RETAIN_SELF = YES;
				CLANG_WARN_OBJC_LITERAL_CONVERSION = YES;
				CLANG_WARN_OBJC_ROOT_CLASS = YES_ERROR;
				CLANG_WARN_QUOTED_INCLUDE_IN_FRAMEWORK_HEADER = YES;
				CLANG_WARN_RANGE_LOOP_ANALYSIS = YES;
				CLANG_WARN_STRICT_PROTOTYPES = YES;
				CLANG_WARN_SUSPICIOUS_MOVE = YES;
				CLANG_WARN_UNGUARDED_AVAILABILITY = YES_AGGRESSIVE;
				CLANG_WARN_UNREACHABLE_CODE = YES;
				CLANG_WARN__DUPLICATE_METHOD_MATCH = YES;
				COPY_PHASE_STRIP = NO;
				DEBUG_INFORMATION_FORMAT = "dwarf-with-dsym";
				ENABLE_NS_ASSERTIONS = NO;
				ENABLE_STRICT_OBJC_MSGSEND = YES;
				ENABLE_USER_SCRIPT_SANDBOXING = YES;
				GCC_C_LANGUAGE_STANDARD = gnu17;
				GCC_NO_COMMON_BLOCKS = YES;
				GCC_WARN_64_TO_32_BIT_CONVERSION = YES;
				GCC_WARN_ABOUT_RETURN_TYPE = YES_ERROR;
				GCC_WARN_UNDECLARED_SELECTOR = YES;
				GCC_WARN_UNINITIALIZED_AUTOS = YES_AGGRESSIVE;
				GCC_WARN_UNUSED_FUNCTION = YES;
				GCC_WARN_UNUSED_VARIABLE = YES;
				LOCALIZATION_PREFERS_STRING_CATALOGS = YES;
				MTL_ENABLE_DEBUG_INFO = NO;
				MTL_FAST_MATH = YES;
				SWIFT_COMPILATION_MODE = wholemodule;
			};
			name = Release;
		};
		0C28DB632E030A4B000EF278 /* Debug */ = {
			isa = XCBuildConfiguration;
			buildSettings = {
				ASSETCATALOG_COMPILER_APPICON_NAME = AppIcon;
				ASSETCATALOG_COMPILER_GLOBAL_ACCENT_COLOR_NAME = AccentColor;
				CODE_SIGN_ENTITLEMENTS = Doodle/Doodle.entitlements;
				CODE_SIGN_STYLE = Automatic;
				CURRENT_PROJECT_VERSION = 1;
				DEVELOPMENT_TEAM = CXP6596MAB;
				ENABLE_PREVIEWS = YES;
				GENERATE_INFOPLIST_FILE = YES;
				INFOPLIST_FILE = Doodle/Info.plist;
				"INFOPLIST_KEY_UIApplicationSceneManifest_Generation[sdk=iphoneos*]" = YES;
				"INFOPLIST_KEY_UIApplicationSceneManifest_Generation[sdk=iphonesimulator*]" = YES;
				"INFOPLIST_KEY_UIApplicationSupportsIndirectInputEvents[sdk=iphoneos*]" = YES;
				"INFOPLIST_KEY_UIApplicationSupportsIndirectInputEvents[sdk=iphonesimulator*]" = YES;
				"INFOPLIST_KEY_UILaunchScreen_Generation[sdk=iphoneos*]" = YES;
				"INFOPLIST_KEY_UILaunchScreen_Generation[sdk=iphonesimulator*]" = YES;
				"INFOPLIST_KEY_UIStatusBarStyle[sdk=iphoneos*]" = UIStatusBarStyleDefault;
				"INFOPLIST_KEY_UIStatusBarStyle[sdk=iphonesimulator*]" = UIStatusBarStyleDefault;
				INFOPLIST_KEY_UISupportedInterfaceOrientations_iPad = "UIInterfaceOrientationPortrait UIInterfaceOrientationPortraitUpsideDown UIInterfaceOrientationLandscapeLeft UIInterfaceOrientationLandscapeRight";
				INFOPLIST_KEY_UISupportedInterfaceOrientations_iPhone = "UIInterfaceOrientationPortrait UIInterfaceOrientationLandscapeLeft UIInterfaceOrientationLandscapeRight";
				IPHONEOS_DEPLOYMENT_TARGET = 17.0;
				LD_RUNPATH_SEARCH_PATHS = "@executable_path/Frameworks";
				"LD_RUNPATH_SEARCH_PATHS[sdk=macosx*]" = "@executable_path/../Frameworks";
				MACOSX_DEPLOYMENT_TARGET = 15.5;
				MARKETING_VERSION = 1.0;
				PRODUCT_BUNDLE_IDENTIFIER = "Trail-Mix.Doodle";
				PRODUCT_NAME = "$(TARGET_NAME)";
				REGISTER_APP_GROUPS = YES;
				SDKROOT = auto;
				SUPPORTED_PLATFORMS = "iphoneos iphonesimulator macosx xros xrsimulator";
				SWIFT_EMIT_LOC_STRINGS = YES;
				SWIFT_VERSION = 5.0;
				TARGETED_DEVICE_FAMILY = "1,2,7";
				XROS_DEPLOYMENT_TARGET = 2.5;
			};
			name = Debug;
		};
		0C28DB642E030A4B000EF278 /* Release */ = {
			isa = XCBuildConfiguration;
			buildSettings = {
				ASSETCATALOG_COMPILER_APPICON_NAME = AppIcon;
				ASSETCATALOG_COMPILER_GLOBAL_ACCENT_COLOR_NAME = AccentColor;
				CODE_SIGN_ENTITLEMENTS = Doodle/Doodle.entitlements;
				CODE_SIGN_STYLE = Automatic;
				CURRENT_PROJECT_VERSION = 1;
				DEVELOPMENT_TEAM = CXP6596MAB;
				ENABLE_PREVIEWS = YES;
				GENERATE_INFOPLIST_FILE = YES;
				INFOPLIST_FILE = Doodle/Info.plist;
				"INFOPLIST_KEY_UIApplicationSceneManifest_Generation[sdk=iphoneos*]" = YES;
				"INFOPLIST_KEY_UIApplicationSceneManifest_Generation[sdk=iphonesimulator*]" = YES;
				"INFOPLIST_KEY_UIApplicationSupportsIndirectInputEvents[sdk=iphoneos*]" = YES;
				"INFOPLIST_KEY_UIApplicationSupportsIndirectInputEvents[sdk=iphonesimulator*]" = YES;
				"INFOPLIST_KEY_UILaunchScreen_Generation[sdk=iphoneos*]" = YES;
				"INFOPLIST_KEY_UILaunchScreen_Generation[sdk=iphonesimulator*]" = YES;
				"INFOPLIST_KEY_UIStatusBarStyle[sdk=iphoneos*]" = UIStatusBarStyleDefault;
				"INFOPLIST_KEY_UIStatusBarStyle[sdk=iphonesimulator*]" = UIStatusBarStyleDefault;
				INFOPLIST_KEY_UISupportedInterfaceOrientations_iPad = "UIInterfaceOrientationPortrait UIInterfaceOrientationPortraitUpsideDown UIInterfaceOrientationLandscapeLeft UIInterfaceOrientationLandscapeRight";
				INFOPLIST_KEY_UISupportedInterfaceOrientations_iPhone = "UIInterfaceOrientationPortrait UIInterfaceOrientationLandscapeLeft UIInterfaceOrientationLandscapeRight";
				IPHONEOS_DEPLOYMENT_TARGET = 17.0;
				LD_RUNPATH_SEARCH_PATHS = "@executable_path/Frameworks";
				"LD_RUNPATH_SEARCH_PATHS[sdk=macosx*]" = "@executable_path/../Frameworks";
				MACOSX_DEPLOYMENT_TARGET = 15.5;
				MARKETING_VERSION = 1.0;
				PRODUCT_BUNDLE_IDENTIFIER = "Trail-Mix.Doodle";
				PRODUCT_NAME = "$(TARGET_NAME)";
				REGISTER_APP_GROUPS = YES;
				SDKROOT = auto;
				SUPPORTED_PLATFORMS = "iphoneos iphonesimulator macosx xros xrsimulator";
				SWIFT_EMIT_LOC_STRINGS = YES;
				SWIFT_VERSION = 5.0;
				TARGETED_DEVICE_FAMILY = "1,2,7";
				XROS_DEPLOYMENT_TARGET = 2.5;
			};
			name = Release;
		};
		0C28DB662E030A4B000EF278 /* Debug */ = {
			isa = XCBuildConfiguration;
			buildSettings = {
				BUNDLE_LOADER = "$(TEST_HOST)";
				CODE_SIGN_STYLE = Automatic;
				CURRENT_PROJECT_VERSION = 1;
				GENERATE_INFOPLIST_FILE = YES;
				IPHONEOS_DEPLOYMENT_TARGET = 17.0;
				MACOSX_DEPLOYMENT_TARGET = 15.5;
				MARKETING_VERSION = 1.0;
				PRODUCT_BUNDLE_IDENTIFIER = "Trail-Mix.DoodleTests";
				PRODUCT_NAME = "$(TARGET_NAME)";
				SDKROOT = auto;
				SUPPORTED_PLATFORMS = "iphoneos iphonesimulator macosx xros xrsimulator";
				SWIFT_EMIT_LOC_STRINGS = NO;
				SWIFT_VERSION = 5.0;
				TARGETED_DEVICE_FAMILY = "1,2,7";
				TEST_HOST = "$(BUILT_PRODUCTS_DIR)/Doodle.app/$(BUNDLE_EXECUTABLE_FOLDER_PATH)/Doodle";
				XROS_DEPLOYMENT_TARGET = 2.5;
			};
			name = Debug;
		};
		0C28DB672E030A4B000EF278 /* Release */ = {
			isa = XCBuildConfiguration;
			buildSettings = {
				BUNDLE_LOADER = "$(TEST_HOST)";
				CODE_SIGN_STYLE = Automatic;
				CURRENT_PROJECT_VERSION = 1;
				GENERATE_INFOPLIST_FILE = YES;
				IPHONEOS_DEPLOYMENT_TARGET = 17.0;
				MACOSX_DEPLOYMENT_TARGET = 15.5;
				MARKETING_VERSION = 1.0;
				PRODUCT_BUNDLE_IDENTIFIER = "Trail-Mix.DoodleTests";
				PRODUCT_NAME = "$(TARGET_NAME)";
				SDKROOT = auto;
				SUPPORTED_PLATFORMS = "iphoneos iphonesimulator macosx xros xrsimulator";
				SWIFT_EMIT_LOC_STRINGS = NO;
				SWIFT_VERSION = 5.0;
				TARGETED_DEVICE_FAMILY = "1,2,7";
				TEST_HOST = "$(BUILT_PRODUCTS_DIR)/Doodle.app/$(BUNDLE_EXECUTABLE_FOLDER_PATH)/Doodle";
				XROS_DEPLOYMENT_TARGET = 2.5;
			};
			name = Release;
		};
		0C28DB692E030A4B000EF278 /* Debug */ = {
			isa = XCBuildConfiguration;
			buildSettings = {
				CODE_SIGN_STYLE = Automatic;
				CURRENT_PROJECT_VERSION = 1;
				GENERATE_INFOPLIST_FILE = YES;
				IPHONEOS_DEPLOYMENT_TARGET = 17.0;
				MACOSX_DEPLOYMENT_TARGET = 15.5;
				MARKETING_VERSION = 1.0;
				PRODUCT_BUNDLE_IDENTIFIER = "Trail-Mix.DoodleUITests";
				PRODUCT_NAME = "$(TARGET_NAME)";
				SDKROOT = auto;
				SUPPORTED_PLATFORMS = "iphoneos iphonesimulator macosx xros xrsimulator";
				SWIFT_EMIT_LOC_STRINGS = NO;
				SWIFT_VERSION = 5.0;
				TARGETED_DEVICE_FAMILY = "1,2,7";
				TEST_TARGET_NAME = Doodle;
				XROS_DEPLOYMENT_TARGET = 2.5;
			};
			name = Debug;
		};
		0C28DB6A2E030A4B000EF278 /* Release */ = {
			isa = XCBuildConfiguration;
			buildSettings = {
				CODE_SIGN_STYLE = Automatic;
				CURRENT_PROJECT_VERSION = 1;
				GENERATE_INFOPLIST_FILE = YES;
				IPHONEOS_DEPLOYMENT_TARGET = 17.0;
				MACOSX_DEPLOYMENT_TARGET = 15.5;
				MARKETING_VERSION = 1.0;
				PRODUCT_BUNDLE_IDENTIFIER = "Trail-Mix.DoodleUITests";
				PRODUCT_NAME = "$(TARGET_NAME)";
				SDKROOT = auto;
				SUPPORTED_PLATFORMS = "iphoneos iphonesimulator macosx xros xrsimulator";
				SWIFT_EMIT_LOC_STRINGS = NO;
				SWIFT_VERSION = 5.0;
				TARGETED_DEVICE_FAMILY = "1,2,7";
				TEST_TARGET_NAME = Doodle;
				XROS_DEPLOYMENT_TARGET = 2.5;
			};
			name = Release;
		};
/* End XCBuildConfiguration section */

/* Begin XCConfigurationList section */
		0C28DB3B2E030A49000EF278 /* Build configuration list for PBXProject "Doodle" */ = {
			isa = XCConfigurationList;
			buildConfigurations = (
				0C28DB602E030A4B000EF278 /* Debug */,
				0C28DB612E030A4B000EF278 /* Release */,
			);
			defaultConfigurationIsVisible = 0;
			defaultConfigurationName = Release;
		};
		0C28DB622E030A4B000EF278 /* Build configuration list for PBXNativeTarget "Doodle" */ = {
			isa = XCConfigurationList;
			buildConfigurations = (
				0C28DB632E030A4B000EF278 /* Debug */,
				0C28DB642E030A4B000EF278 /* Release */,
			);
			defaultConfigurationIsVisible = 0;
			defaultConfigurationName = Release;
		};
		0C28DB652E030A4B000EF278 /* Build configuration list for PBXNativeTarget "DoodleTests" */ = {
			isa = XCConfigurationList;
			buildConfigurations = (
				0C28DB662E030A4B000EF278 /* Debug */,
				0C28DB672E030A4B000EF278 /* Release */,
			);
			defaultConfigurationIsVisible = 0;
			defaultConfigurationName = Release;
		};
		0C28DB682E030A4B000EF278 /* Build configuration list for PBXNativeTarget "DoodleUITests" */ = {
			isa = XCConfigurationList;
			buildConfigurations = (
				0C28DB692E030A4B000EF278 /* Debug */,
				0C28DB6A2E030A4B000EF278 /* Release */,
			);
			defaultConfigurationIsVisible = 0;
			defaultConfigurationName = Release;
		};
/* End XCConfigurationList section */
	};
	rootObject = 0C28DB382E030A49000EF278 /* Project object */;
}
